Microsoft Visual Studio Solution File, Format Version 11.00
# Visual Studio 2010
Project("{FAE04EC0-301F-11D3-BF4B-00C04F79EFBC}") = "FamilyFeud.Objects", "FamilyFeud.Objects.csproj", "{BA0F0FBA-A95A-4846-A4CF-E5035E8B0181}"
EndProject
Project("{FAE04EC0-301F-11D3-BF4B-00C04F79EFBC}") = "FamilyFeud.Tests", "..\FamilyFeud.Tests\FamilyFeud.Tests.csproj", "{8FDF7E5C-CDC7-4976-BE6E-8B76A552EF6F}"
EndProject
Project("{FAE04EC0-301F-11D3-BF4B-00C04F79EFBC}") = "FamilyFeud", "..\FamilyFeud\FamilyFeud.csproj", "{C1041FED-3E30-4B69-90C0-05BA99B83FED}"
EndProject
Project("{54435603-DBB4-11D2-8724-00A0C9A8B90C}") = "FamilyFeud.Installer", "..\FamilyFeud.Installer\FamilyFeud.Installer.vdproj", "{58E37EBF-4085-42CD-BE9E-D24AFDF1F509}"
EndProject
Global
	GlobalSection(SolutionConfigurationPlatforms) = preSolution
		Debug|Any CPU = Debug|Any CPU
		Release|Any CPU = Release|Any CPU
	EndGlobalSection
	GlobalSection(ProjectConfigurationPlatforms) = postSolution
		{BA0F0FBA-A95A-4846-A4CF-E5035E8B0181}.Debug|Any CPU.ActiveCfg = Debug|Any CPU
		{BA0F0FBA-A95A-4846-A4CF-E5035E8B0181}.Debug|Any CPU.Build.0 = Debug|Any CPU
		{BA0F0FBA-A95A-4846-A4CF-E5035E8B0181}.Release|Any CPU.ActiveCfg = Release|Any CPU
		{BA0F0FBA-A95A-4846-A4CF-E5035E8B0181}.Release|Any CPU.Build.0 = Release|Any CPU
		{8FDF7E5C-CDC7-4976-BE6E-8B76A552EF6F}.Debug|Any CPU.ActiveCfg = Debug|Any CPU
		{8FDF7E5C-CDC7-4976-BE6E-8B76A552EF6F}.Debug|Any CPU.Build.0 = Debug|Any CPU
		{8FDF7E5C-CDC7-4976-BE6E-8B76A552EF6F}.Release|Any CPU.ActiveCfg = Release|Any CPU
		{8FDF7E5C-CDC7-4976-BE6E-8B76A552EF6F}.Release|Any CPU.Build.0 = Release|Any CPU
		{C1041FED-3E30-4B69-90C0-05BA99B83FED}.Debug|Any CPU.ActiveCfg = Debug|Any CPU
		{C1041FED-3E30-4B69-90C0-05BA99B83FED}.Debug|Any CPU.Build.0 = Debug|Any CPU
		{C1041FED-3E30-4B69-90C0-05BA99B83FED}.Release|Any CPU.ActiveCfg = Release|Any CPU
		{C1041FED-3E30-4B69-90C0-05BA99B83FED}.Release|Any CPU.Build.0 = Release|Any CPU
		{58E37EBF-4085-42CD-BE9E-D24AFDF1F509}.Debug|Any CPU.ActiveCfg = Debug
		{58E37EBF-4085-42CD-BE9E-D24AFDF1F509}.Release|Any CPU.ActiveCfg = Release
	EndGlobalSection
	GlobalSection(SolutionProperties) = preSolution
		HideSolutionNode = FALSE
	EndGlobalSection
EndGlobal
